
Microsoft Visual Studio Solution File, Format Version 12.00
# Visual Studio Version 17
VisualStudioVersion = 17.14.36414.22 d17.14
MinimumVisualStudioVersion = 10.0.40219.1
Project("{FAE04EC0-301F-11D3-BF4B-00C04F79EFBC}") = "MyPortfolioUdemy", "MyPortfolioUdemy\MyPortfolioUdemy.csproj", "{7C2EC8F4-2176-4170-B09F-B2A31CFC00F6}"
EndProject
Global
	GlobalSection(SolutionConfigurationPlatforms) = preSolution
		Debug|Any CPU = Debug|Any CPU
		Release|Any CPU = Release|Any CPU
	EndGlobalSection
	GlobalSection(ProjectConfigurationPlatforms) = postSolution
		{7C2EC8F4-2176-4170-B09F-B2A31CFC00F6}.Debug|Any CPU.ActiveCfg = Debug|Any CPU
		{7C2EC8F4-2176-4170-B09F-B2A31CFC00F6}.Debug|Any CPU.Build.0 = Debug|Any CPU
		{7C2EC8F4-2176-4170-B09F-B2A31CFC00F6}.Release|Any CPU.ActiveCfg = Release|Any CPU
		{7C2EC8F4-2176-4170-B09F-B2A31CFC00F6}.Release|Any CPU.Build.0 = Release|Any CPU
	EndGlobalSection
	GlobalSection(SolutionProperties) = preSolution
		HideSolutionNode = FALSE
	EndGlobalSection
	GlobalSection(ExtensibilityGlobals) = postSolution
		SolutionGuid = {6C7D5FB2-1CDD-4D1D-8E1E-EF1A3AD0E4FC}
	EndGlobalSection
EndGlobal
